
Microsoft Visual Studio Solution File, Format Version 12.00
# Visual Studio Version 17
VisualStudioVersion = 17.7.34221.43
MinimumVisualStudioVersion = 10.0.40219.1
Project("{FAE04EC0-301F-11D3-BF4B-00C04F79EFBC}") = "hasnuho", "hasnuho\hasnuho.csproj", "{29FECAAF-0B15-4350-9722-15C5B02C5A95}"
EndProject
Global
	GlobalSection(SolutionConfigurationPlatforms) = preSolution
		Debug|Any CPU = Debug|Any CPU
		Release|Any CPU = Release|Any CPU
	EndGlobalSection
	GlobalSection(ProjectConfigurationPlatforms) = postSolution
		{29FECAAF-0B15-4350-9722-15C5B02C5A95}.Debug|Any CPU.ActiveCfg = Debug|Any CPU
		{29FECAAF-0B15-4350-9722-15C5B02C5A95}.Debug|Any CPU.Build.0 = Debug|Any CPU
		{29FECAAF-0B15-4350-9722-15C5B02C5A95}.Release|Any CPU.ActiveCfg = Release|Any CPU
		{29FECAAF-0B15-4350-9722-15C5B02C5A95}.Release|Any CPU.Build.0 = Release|Any CPU
	EndGlobalSection
	GlobalSection(SolutionProperties) = preSolution
		HideSolutionNode = FALSE
	EndGlobalSection
	GlobalSection(ExtensibilityGlobals) = postSolution
		SolutionGuid = {B585824D-F112-4C19-9135-6B88640A0C15}
	EndGlobalSection
EndGlobal
